
Microsoft Visual Studio Solution File, Format Version 12.00
Project("{2150E333-8FDC-42A3-9474-1A3956D46DE8}") = "Core", "Core", "{CD737EF2-FF89-4359-AB2D-B4ADB6D61117}"
EndProject
Project("{FAE04EC0-301F-11D3-BF4B-00C04F79EFBC}") = "CarBook.Domain", "Core\CarBook.Domain\CarBook.Domain.csproj", "{DCD2601F-620E-428E-8862-EFBC046CBE47}"
EndProject
Project("{2150E333-8FDC-42A3-9474-1A3956D46DE8}") = "Infrascructure", "Infrascructure", "{531447C3-414F-4188-B4C9-1D28C13A7AC2}"
EndProject
Project("{FAE04EC0-301F-11D3-BF4B-00C04F79EFBC}") = "CarBook.Persistence", "Infrastructure\CarBook.Persistence\CarBook.Persistence.csproj", "{27E2C7DA-ECFB-418D-8F29-71DA254F4BB1}"
EndProject
Project("{2150E333-8FDC-42A3-9474-1A3956D46DE8}") = "Presentation", "Presentation", "{1F7019F8-F186-40FE-91D1-2181FC5ABD31}"
EndProject
Project("{FAE04EC0-301F-11D3-BF4B-00C04F79EFBC}") = "CarBook.Application", "Core\CarBook.Application\CarBook.Application.csproj", "{7E4DA5F0-1D53-43C6-B490-43D8FF2F73ED}"
EndProject
Project("{FAE04EC0-301F-11D3-BF4B-00C04F79EFBC}") = "CarBook.WebApi", "Presentation\CarBook.WebApi\CarBook.WebApi.csproj", "{DA2456E2-E37C-40DD-8C79-D9B24BFF5806}"
EndProject
Project("{FAE04EC0-301F-11D3-BF4B-00C04F79EFBC}") = "CarBook.IdentityServer", "CarBook.IdentityServer\CarBook.IdentityServer.csproj", "{4E103346-B5C3-440E-A3A1-15A8C8C7E989}"
EndProject
Global
	GlobalSection(SolutionConfigurationPlatforms) = preSolution
		Debug|Any CPU = Debug|Any CPU
		Release|Any CPU = Release|Any CPU
	EndGlobalSection
	GlobalSection(NestedProjects) = preSolution
		{DCD2601F-620E-428E-8862-EFBC046CBE47} = {CD737EF2-FF89-4359-AB2D-B4ADB6D61117}
		{27E2C7DA-ECFB-418D-8F29-71DA254F4BB1} = {531447C3-414F-4188-B4C9-1D28C13A7AC2}
		{7E4DA5F0-1D53-43C6-B490-43D8FF2F73ED} = {CD737EF2-FF89-4359-AB2D-B4ADB6D61117}
		{DA2456E2-E37C-40DD-8C79-D9B24BFF5806} = {1F7019F8-F186-40FE-91D1-2181FC5ABD31}
	EndGlobalSection
	GlobalSection(ProjectConfigurationPlatforms) = postSolution
		{DCD2601F-620E-428E-8862-EFBC046CBE47}.Debug|Any CPU.ActiveCfg = Debug|Any CPU
		{DCD2601F-620E-428E-8862-EFBC046CBE47}.Debug|Any CPU.Build.0 = Debug|Any CPU
		{DCD2601F-620E-428E-8862-EFBC046CBE47}.Release|Any CPU.ActiveCfg = Release|Any CPU
		{DCD2601F-620E-428E-8862-EFBC046CBE47}.Release|Any CPU.Build.0 = Release|Any CPU
		{27E2C7DA-ECFB-418D-8F29-71DA254F4BB1}.Debug|Any CPU.ActiveCfg = Debug|Any CPU
		{27E2C7DA-ECFB-418D-8F29-71DA254F4BB1}.Debug|Any CPU.Build.0 = Debug|Any CPU
		{27E2C7DA-ECFB-418D-8F29-71DA254F4BB1}.Release|Any CPU.ActiveCfg = Release|Any CPU
		{27E2C7DA-ECFB-418D-8F29-71DA254F4BB1}.Release|Any CPU.Build.0 = Release|Any CPU
		{7E4DA5F0-1D53-43C6-B490-43D8FF2F73ED}.Debug|Any CPU.ActiveCfg = Debug|Any CPU
		{7E4DA5F0-1D53-43C6-B490-43D8FF2F73ED}.Debug|Any CPU.Build.0 = Debug|Any CPU
		{7E4DA5F0-1D53-43C6-B490-43D8FF2F73ED}.Release|Any CPU.ActiveCfg = Release|Any CPU
		{7E4DA5F0-1D53-43C6-B490-43D8FF2F73ED}.Release|Any CPU.Build.0 = Release|Any CPU
		{DA2456E2-E37C-40DD-8C79-D9B24BFF5806}.Debug|Any CPU.ActiveCfg = Debug|Any CPU
		{DA2456E2-E37C-40DD-8C79-D9B24BFF5806}.Debug|Any CPU.Build.0 = Debug|Any CPU
		{DA2456E2-E37C-40DD-8C79-D9B24BFF5806}.Release|Any CPU.ActiveCfg = Release|Any CPU
		{DA2456E2-E37C-40DD-8C79-D9B24BFF5806}.Release|Any CPU.Build.0 = Release|Any CPU
		{4E103346-B5C3-440E-A3A1-15A8C8C7E989}.Debug|Any CPU.ActiveCfg = Debug|Any CPU
		{4E103346-B5C3-440E-A3A1-15A8C8C7E989}.Debug|Any CPU.Build.0 = Debug|Any CPU
		{4E103346-B5C3-440E-A3A1-15A8C8C7E989}.Release|Any CPU.ActiveCfg = Release|Any CPU
		{4E103346-B5C3-440E-A3A1-15A8C8C7E989}.Release|Any CPU.Build.0 = Release|Any CPU
	EndGlobalSection
EndGlobal
